// !$*UTF8*$!
{
	archiveVersion = 1;
	classes = {
	};
	objectVersion = 55;
	objects = {

/* Begin PBXBuildFile section */
		FA5A534F27FDF2F2001C0375 /* ExtensionShakeTextField.swift in Sources */ = {isa = PBXBuildFile; fileRef = FA5A534E27FDF2F2001C0375 /* ExtensionShakeTextField.swift */; };
		FA5A535327FDF439001C0375 /* FullPostView.swift in Sources */ = {isa = PBXBuildFile; fileRef = FA5A535227FDF439001C0375 /* FullPostView.swift */; };
		FA5A535527FDF53C001C0375 /* AnimatedPhotoViewController.swift in Sources */ = {isa = PBXBuildFile; fileRef = FA5A535427FDF53C001C0375 /* AnimatedPhotoViewController.swift */; };
		FA5A535727FDF677001C0375 /* NewsArticle.swift in Sources */ = {isa = PBXBuildFile; fileRef = FA5A535627FDF677001C0375 /* NewsArticle.swift */; };
		FA73C59A27EE21460074AEE7 /* LoginViewController.swift in Sources */ = {isa = PBXBuildFile; fileRef = FA73C59927EE21460074AEE7 /* LoginViewController.swift */; };
		FA73C59F27EE24A20074AEE7 /* Setupable.swift in Sources */ = {isa = PBXBuildFile; fileRef = FA73C59E27EE24A20074AEE7 /* Setupable.swift */; };
		FA73C5A127EE25510074AEE7 /* PostNews.swift in Sources */ = {isa = PBXBuildFile; fileRef = FA73C5A027EE25510074AEE7 /* PostNews.swift */; };
		FA73C5A327EE25B00074AEE7 /* PostTableViewCell.swift in Sources */ = {isa = PBXBuildFile; fileRef = FA73C5A227EE25B00074AEE7 /* PostTableViewCell.swift */; };
		FA73C5A527EE2C420074AEE7 /* ProfileTableHederView.swift in Sources */ = {isa = PBXBuildFile; fileRef = FA73C5A427EE2C420074AEE7 /* ProfileTableHederView.swift */; };
		FA924ACE280336A10058B4C8 /* Post.swift in Sources */ = {isa = PBXBuildFile; fileRef = FA924ACD280336A10058B4C8 /* Post.swift */; };
		FAA4E04927EE14B400927622 /* AppDelegate.swift in Sources */ = {isa = PBXBuildFile; fileRef = FAA4E04827EE14B400927622 /* AppDelegate.swift */; };
		FAA4E04B27EE14B400927622 /* SceneDelegate.swift in Sources */ = {isa = PBXBuildFile; fileRef = FAA4E04A27EE14B400927622 /* SceneDelegate.swift */; };
		FAA4E05227EE14B800927622 /* Assets.xcassets in Resources */ = {isa = PBXBuildFile; fileRef = FAA4E05127EE14B800927622 /* Assets.xcassets */; };
		FAA4E05527EE14B800927622 /* LaunchScreen.storyboard in Resources */ = {isa = PBXBuildFile; fileRef = FAA4E05327EE14B800927622 /* LaunchScreen.storyboard */; };
		FAA4E06027EE184500927622 /* FeedViewController.swift in Sources */ = {isa = PBXBuildFile; fileRef = FAA4E05F27EE184500927622 /* FeedViewController.swift */; };
		FAA4E06227EE186400927622 /* InfoViewController.swift in Sources */ = {isa = PBXBuildFile; fileRef = FAA4E06127EE186400927622 /* InfoViewController.swift */; };
		FAA4E06427EE187300927622 /* PostViewController.swift in Sources */ = {isa = PBXBuildFile; fileRef = FAA4E06327EE187300927622 /* PostViewController.swift */; };
		FAA4E06627EE188600927622 /* ProfileViewController.swift in Sources */ = {isa = PBXBuildFile; fileRef = FAA4E06527EE188600927622 /* ProfileViewController.swift */; };
		FAA4E06827EE189A00927622 /* TabBarController.swift in Sources */ = {isa = PBXBuildFile; fileRef = FAA4E06727EE189A00927622 /* TabBarController.swift */; };
		FAAAFCF927F0C2A200AACE21 /* Photo.swift in Sources */ = {isa = PBXBuildFile; fileRef = FAAAFCF827F0C2A200AACE21 /* Photo.swift */; };
		FAAAFCFB27F0C2D200AACE21 /* RandomPhoto.swift in Sources */ = {isa = PBXBuildFile; fileRef = FAAAFCFA27F0C2D200AACE21 /* RandomPhoto.swift */; };
		FAAAFCFD27F0C32100AACE21 /* PhotosViewController.swift in Sources */ = {isa = PBXBuildFile; fileRef = FAAAFCFC27F0C32100AACE21 /* PhotosViewController.swift */; };
		FAAAFCFF27F0C39600AACE21 /* PhotosTableViewCell.swift in Sources */ = {isa = PBXBuildFile; fileRef = FAAAFCFE27F0C39600AACE21 /* PhotosTableViewCell.swift */; };
		FAAAFD0127F0C3D600AACE21 /* PhotosCollectionViewCell.swift in Sources */ = {isa = PBXBuildFile; fileRef = FAAAFD0027F0C3D600AACE21 /* PhotosCollectionViewCell.swift */; };
		FAB5823027F43BE200F6AEDE /* AvatarViewController.swift in Sources */ = {isa = PBXBuildFile; fileRef = FAB5822F27F43BE200F6AEDE /* AvatarViewController.swift */; };
/* End PBXBuildFile section */

/* Begin PBXFileReference section */
		FA5A534E27FDF2F2001C0375 /* ExtensionShakeTextField.swift */ = {isa = PBXFileReference; lastKnownFileType = sourcecode.swift; path = ExtensionShakeTextField.swift; sourceTree = "<group>"; };
		FA5A535227FDF439001C0375 /* FullPostView.swift */ = {isa = PBXFileReference; lastKnownFileType = sourcecode.swift; path = FullPostView.swift; sourceTree = "<group>"; };
		FA5A535427FDF53C001C0375 /* AnimatedPhotoViewController.swift */ = {isa = PBXFileReference; lastKnownFileType = sourcecode.swift; path = AnimatedPhotoViewController.swift; sourceTree = "<group>"; };
		FA5A535627FDF677001C0375 /* NewsArticle.swift */ = {isa = PBXFileReference; lastKnownFileType = sourcecode.swift; path = NewsArticle.swift; sourceTree = "<group>"; };
		FA73C59927EE21460074AEE7 /* LoginViewController.swift */ = {isa = PBXFileReference; lastKnownFileType = sourcecode.swift; path = LoginViewController.swift; sourceTree = "<group>"; };
		FA73C59E27EE24A20074AEE7 /* Setupable.swift */ = {isa = PBXFileReference; lastKnownFileType = sourcecode.swift; path = Setupable.swift; sourceTree = "<group>"; };
		FA73C5A027EE25510074AEE7 /* PostNews.swift */ = {isa = PBXFileReference; lastKnownFileType = sourcecode.swift; path = PostNews.swift; sourceTree = "<group>"; };
		FA73C5A227EE25B00074AEE7 /* PostTableViewCell.swift */ = {isa = PBXFileReference; lastKnownFileType = sourcecode.swift; path = PostTableViewCell.swift; sourceTree = "<group>"; };
		FA73C5A427EE2C420074AEE7 /* ProfileTableHederView.swift */ = {isa = PBXFileReference; lastKnownFileType = sourcecode.swift; path = ProfileTableHederView.swift; sourceTree = "<group>"; };
		FA924ACD280336A10058B4C8 /* Post.swift */ = {isa = PBXFileReference; lastKnownFileType = sourcecode.swift; path = Post.swift; sourceTree = "<group>"; };
		FAA4E04527EE14B400927622 /* Navigation.app */ = {isa = PBXFileReference; explicitFileType = wrapper.application; includeInIndex = 0; path = Navigation.app; sourceTree = BUILT_PRODUCTS_DIR; };
		FAA4E04827EE14B400927622 /* AppDelegate.swift */ = {isa = PBXFileReference; lastKnownFileType = sourcecode.swift; path = AppDelegate.swift; sourceTree = "<group>"; };
		FAA4E04A27EE14B400927622 /* SceneDelegate.swift */ = {isa = PBXFileReference; lastKnownFileType = sourcecode.swift; path = SceneDelegate.swift; sourceTree = "<group>"; };
		FAA4E05127EE14B800927622 /* Assets.xcassets */ = {isa = PBXFileReference; lastKnownFileType = folder.assetcatalog; path = Assets.xcassets; sourceTree = "<group>"; };
		FAA4E05427EE14B800927622 /* Base */ = {isa = PBXFileReference; lastKnownFileType = file.storyboard; name = Base; path = Base.lproj/LaunchScreen.storyboard; sourceTree = "<group>"; };
		FAA4E05627EE14B800927622 /* Info.plist */ = {isa = PBXFileReference; lastKnownFileType = text.plist.xml; path = Info.plist; sourceTree = "<group>"; };
		FAA4E05F27EE184500927622 /* FeedViewController.swift */ = {isa = PBXFileReference; lastKnownFileType = sourcecode.swift; path = FeedViewController.swift; sourceTree = "<group>"; };
		FAA4E06127EE186400927622 /* InfoViewController.swift */ = {isa = PBXFileReference; lastKnownFileType = sourcecode.swift; path = InfoViewController.swift; sourceTree = "<group>"; };
		FAA4E06327EE187300927622 /* PostViewController.swift */ = {isa = PBXFileReference; lastKnownFileType = sourcecode.swift; path = PostViewController.swift; sourceTree = "<group>"; };
		FAA4E06527EE188600927622 /* ProfileViewController.swift */ = {isa = PBXFileReference; lastKnownFileType = sourcecode.swift; path = ProfileViewController.swift; sourceTree = "<group>"; };
		FAA4E06727EE189A00927622 /* TabBarController.swift */ = {isa = PBXFileReference; lastKnownFileType = sourcecode.swift; path = TabBarController.swift; sourceTree = "<group>"; };
		FAAAFCF827F0C2A200AACE21 /* Photo.swift */ = {isa = PBXFileReference; lastKnownFileType = sourcecode.swift; path = Photo.swift; sourceTree = "<group>"; };
		FAAAFCFA27F0C2D200AACE21 /* RandomPhoto.swift */ = {isa = PBXFileReference; lastKnownFileType = sourcecode.swift; path = RandomPhoto.swift; sourceTree = "<group>"; };
		FAAAFCFC27F0C32100AACE21 /* PhotosViewController.swift */ = {isa = PBXFileReference; lastKnownFileType = sourcecode.swift; path = PhotosViewController.swift; sourceTree = "<group>"; };
		FAAAFCFE27F0C39600AACE21 /* PhotosTableViewCell.swift */ = {isa = PBXFileReference; lastKnownFileType = sourcecode.swift; path = PhotosTableViewCell.swift; sourceTree = "<group>"; };
		FAAAFD0027F0C3D600AACE21 /* PhotosCollectionViewCell.swift */ = {isa = PBXFileReference; lastKnownFileType = sourcecode.swift; path = PhotosCollectionViewCell.swift; sourceTree = "<group>"; };
		FAB5822F27F43BE200F6AEDE /* AvatarViewController.swift */ = {isa = PBXFileReference; lastKnownFileType = sourcecode.swift; path = AvatarViewController.swift; sourceTree = "<group>"; };
/* End PBXFileReference section */

/* Begin PBXFrameworksBuildPhase section */
		FAA4E04227EE14B300927622 /* Frameworks */ = {
			isa = PBXFrameworksBuildPhase;
			buildActionMask = 2147483647;
			files = (
			);
			runOnlyForDeploymentPostprocessing = 0;
		};
/* End PBXFrameworksBuildPhase section */

/* Begin PBXGroup section */
		FA5A534927FDF298001C0375 /* Extensions */ = {
			isa = PBXGroup;
			children = (
				FA5A534E27FDF2F2001C0375 /* ExtensionShakeTextField.swift */,
			);
			path = Extensions;
			sourceTree = "<group>";
		};
		FA73C59427EE1DCD0074AEE7 /* Profile */ = {
			isa = PBXGroup;
			children = (
				FA73C59927EE21460074AEE7 /* LoginViewController.swift */,
				FAA4E06527EE188600927622 /* ProfileViewController.swift */,
				FA73C5A427EE2C420074AEE7 /* ProfileTableHederView.swift */,
				FAAAFCFC27F0C32100AACE21 /* PhotosViewController.swift */,
				FAB5822F27F43BE200F6AEDE /* AvatarViewController.swift */,
				FA5A535427FDF53C001C0375 /* AnimatedPhotoViewController.swift */,
			);
			path = Profile;
			sourceTree = "<group>";
		};
		FA73C59D27EE247F0074AEE7 /* Protocols */ = {
			isa = PBXGroup;
			children = (
				FA73C59E27EE24A20074AEE7 /* Setupable.swift */,
			);
			path = Protocols;
			sourceTree = "<group>";
		};
		FAA4E03C27EE14B300927622 = {
			isa = PBXGroup;
			children = (
				FAA4E04727EE14B400927622 /* Navigation */,
				FAA4E04627EE14B400927622 /* Products */,
			);
			sourceTree = "<group>";
		};
		FAA4E04627EE14B400927622 /* Products */ = {
			isa = PBXGroup;
			children = (
				FAA4E04527EE14B400927622 /* Navigation.app */,
			);
			name = Products;
			sourceTree = "<group>";
		};
		FAA4E04727EE14B400927622 /* Navigation */ = {
			isa = PBXGroup;
			children = (
				FAA4E05C27EE179C00927622 /* Application */,
				FA73C59D27EE247F0074AEE7 /* Protocols */,
				FA5A534927FDF298001C0375 /* Extensions */,
				FAA4E06927EE190600927622 /* Models */,
				FAA4E05D27EE17AF00927622 /* Controllers */,
				FAD0296727FCCFED0022545A /* Cells */,
				FA73C59427EE1DCD0074AEE7 /* Profile */,
				FAA4E05E27EE17BD00927622 /* Resources */,
			);
			path = Navigation;
			sourceTree = "<group>";
		};
		FAA4E05C27EE179C00927622 /* Application */ = {
			isa = PBXGroup;
			children = (
				FAA4E04827EE14B400927622 /* AppDelegate.swift */,
				FAA4E04A27EE14B400927622 /* SceneDelegate.swift */,
			);
			path = Application;
			sourceTree = "<group>";
		};
		FAA4E05D27EE17AF00927622 /* Controllers */ = {
			isa = PBXGroup;
			children = (
				FAA4E05F27EE184500927622 /* FeedViewController.swift */,
				FAA4E06127EE186400927622 /* InfoViewController.swift */,
				FAA4E06327EE187300927622 /* PostViewController.swift */,
				FAA4E06727EE189A00927622 /* TabBarController.swift */,
			);
			path = Controllers;
			sourceTree = "<group>";
		};
		FAA4E05E27EE17BD00927622 /* Resources */ = {
			isa = PBXGroup;
			children = (
				FA5A535627FDF677001C0375 /* NewsArticle.swift */,
				FAA4E05127EE14B800927622 /* Assets.xcassets */,
				FAA4E05327EE14B800927622 /* LaunchScreen.storyboard */,
				FAA4E05627EE14B800927622 /* Info.plist */,
			);
			path = Resources;
			sourceTree = "<group>";
		};
		FAA4E06927EE190600927622 /* Models */ = {
			isa = PBXGroup;
			children = (
				FA73C5A027EE25510074AEE7 /* PostNews.swift */,
				FAAAFCF827F0C2A200AACE21 /* Photo.swift */,
				FAAAFCFA27F0C2D200AACE21 /* RandomPhoto.swift */,
				FA5A535227FDF439001C0375 /* FullPostView.swift */,
				FA924ACD280336A10058B4C8 /* Post.swift */,
			);
			path = Models;
			sourceTree = "<group>";
		};
		FAD0296727FCCFED0022545A /* Cells */ = {
			isa = PBXGroup;
			children = (
				FAAAFCFE27F0C39600AACE21 /* PhotosTableViewCell.swift */,
				FA73C5A227EE25B00074AEE7 /* PostTableViewCell.swift */,
				FAAAFD0027F0C3D600AACE21 /* PhotosCollectionViewCell.swift */,
			);
			path = Cells;
			sourceTree = "<group>";
		};
/* End PBXGroup section */

/* Begin PBXNativeTarget section */
		FAA4E04427EE14B300927622 /* Navigation */ = {
			isa = PBXNativeTarget;
			buildConfigurationList = FAA4E05927EE14B800927622 /* Build configuration list for PBXNativeTarget "Navigation" */;
			buildPhases = (
				FAA4E04127EE14B300927622 /* Sources */,
				FAA4E04227EE14B300927622 /* Frameworks */,
				FAA4E04327EE14B300927622 /* Resources */,
			);
			buildRules = (
			);
			dependencies = (
			);
			name = Navigation;
			productName = Navigation;
			productReference = FAA4E04527EE14B400927622 /* Navigation.app */;
			productType = "com.apple.product-type.application";
		};
/* End PBXNativeTarget section */

/* Begin PBXProject section */
		FAA4E03D27EE14B300927622 /* Project object */ = {
			isa = PBXProject;
			attributes = {
				BuildIndependentTargetsInParallel = 1;
				LastSwiftUpdateCheck = 1330;
				LastUpgradeCheck = 1330;
				TargetAttributes = {
					FAA4E04427EE14B300927622 = {
						CreatedOnToolsVersion = 13.3;
					};
				};
			};
			buildConfigurationList = FAA4E04027EE14B300927622 /* Build configuration list for PBXProject "Navigation" */;
			compatibilityVersion = "Xcode 13.0";
			developmentRegion = en;
			hasScannedForEncodings = 0;
			knownRegions = (
				en,
				Base,
			);
			mainGroup = FAA4E03C27EE14B300927622;
			productRefGroup = FAA4E04627EE14B400927622 /* Products */;
			projectDirPath = "";
			projectRoot = "";
			targets = (
				FAA4E04427EE14B300927622 /* Navigation */,
			);
		};
/* End PBXProject section */

/* Begin PBXResourcesBuildPhase section */
		FAA4E04327EE14B300927622 /* Resources */ = {
			isa = PBXResourcesBuildPhase;
			buildActionMask = 2147483647;
			files = (
				FAA4E05527EE14B800927622 /* LaunchScreen.storyboard in Resources */,
				FAA4E05227EE14B800927622 /* Assets.xcassets in Resources */,
			);
			runOnlyForDeploymentPostprocessing = 0;
		};
/* End PBXResourcesBuildPhase section */

/* Begin PBXSourcesBuildPhase section */
		FAA4E04127EE14B300927622 /* Sources */ = {
			isa = PBXSourcesBuildPhase;
			buildActionMask = 2147483647;
			files = (
				FAAAFCFF27F0C39600AACE21 /* PhotosTableViewCell.swift in Sources */,
				FAA4E06627EE188600927622 /* ProfileViewController.swift in Sources */,
				FAAAFCFD27F0C32100AACE21 /* PhotosViewController.swift in Sources */,
				FAA4E04927EE14B400927622 /* AppDelegate.swift in Sources */,
				FAA4E06027EE184500927622 /* FeedViewController.swift in Sources */,
				FA5A534F27FDF2F2001C0375 /* ExtensionShakeTextField.swift in Sources */,
				FA73C5A527EE2C420074AEE7 /* ProfileTableHederView.swift in Sources */,
				FA5A535527FDF53C001C0375 /* AnimatedPhotoViewController.swift in Sources */,
				FA5A535327FDF439001C0375 /* FullPostView.swift in Sources */,
				FAA4E06227EE186400927622 /* InfoViewController.swift in Sources */,
				FAA4E06827EE189A00927622 /* TabBarController.swift in Sources */,
				FAA4E04B27EE14B400927622 /* SceneDelegate.swift in Sources */,
				FA924ACE280336A10058B4C8 /* Post.swift in Sources */,
				FAB5823027F43BE200F6AEDE /* AvatarViewController.swift in Sources */,
				FA5A535727FDF677001C0375 /* NewsArticle.swift in Sources */,
				FAAAFCFB27F0C2D200AACE21 /* RandomPhoto.swift in Sources */,
				FAAAFCF927F0C2A200AACE21 /* Photo.swift in Sources */,
				FA73C5A127EE25510074AEE7 /* PostNews.swift in Sources */,
				FA73C59A27EE21460074AEE7 /* LoginViewController.swift in Sources */,
				FA73C59F27EE24A20074AEE7 /* Setupable.swift in Sources */,
				FA73C5A327EE25B00074AEE7 /* PostTableViewCell.swift in Sources */,
				FAAAFD0127F0C3D600AACE21 /* PhotosCollectionViewCell.swift in Sources */,
				FAA4E06427EE187300927622 /* PostViewController.swift in Sources */,
			);
			runOnlyForDeploymentPostprocessing = 0;
		};
/* End PBXSourcesBuildPhase section */

/* Begin PBXVariantGroup section */
		FAA4E05327EE14B800927622 /* LaunchScreen.storyboard */ = {
			isa = PBXVariantGroup;
			children = (
				FAA4E05427EE14B800927622 /* Base */,
			);
			name = LaunchScreen.storyboard;
			sourceTree = "<group>";
		};
/* End PBXVariantGroup section */

/* Begin XCBuildConfiguration section */
		FAA4E05727EE14B800927622 /* Debug */ = {
			isa = XCBuildConfiguration;
			buildSettings = {
				ALWAYS_SEARCH_USER_PATHS = NO;
				CLANG_ANALYZER_NONNULL = YES;
				CLANG_ANALYZER_NUMBER_OBJECT_CONVERSION = YES_AGGRESSIVE;
				CLANG_CXX_LANGUAGE_STANDARD = "gnu++17";
				CLANG_ENABLE_MODULES = YES;
				CLANG_ENABLE_OBJC_ARC = YES;
				CLANG_ENABLE_OBJC_WEAK = YES;
				CLANG_WARN_BLOCK_CAPTURE_AUTORELEASING = YES;
				CLANG_WARN_BOOL_CONVERSION = YES;
				CLANG_WARN_COMMA = YES;
				CLANG_WARN_CONSTANT_CONVERSION = YES;
				CLANG_WARN_DEPRECATED_OBJC_IMPLEMENTATIONS = YES;
				CLANG_WARN_DIRECT_OBJC_ISA_USAGE = YES_ERROR;
				CLANG_WARN_DOCUMENTATION_COMMENTS = YES;
				CLANG_WARN_EMPTY_BODY = YES;
				CLANG_WARN_ENUM_CONVERSION = YES;
				CLANG_WARN_INFINITE_RECURSION = YES;
				CLANG_WARN_INT_CONVERSION = YES;
				CLANG_WARN_NON_LITERAL_NULL_CONVERSION = YES;
				CLANG_WARN_OBJC_IMPLICIT_RETAIN_SELF = YES;
				CLANG_WARN_OBJC_LITERAL_CONVERSION = YES;
				CLANG_WARN_OBJC_ROOT_CLASS = YES_ERROR;
				CLANG_WARN_QUOTED_INCLUDE_IN_FRAMEWORK_HEADER = YES;
				CLANG_WARN_RANGE_LOOP_ANALYSIS = YES;
				CLANG_WARN_STRICT_PROTOTYPES = YES;
				CLANG_WARN_SUSPICIOUS_MOVE = YES;
				CLANG_WARN_UNGUARDED_AVAILABILITY = YES_AGGRESSIVE;
				CLANG_WARN_UNREACHABLE_CODE = YES;
				CLANG_WARN__DUPLICATE_METHOD_MATCH = YES;
				COPY_PHASE_STRIP = NO;
				DEBUG_INFORMATION_FORMAT = dwarf;
				ENABLE_STRICT_OBJC_MSGSEND = YES;
				ENABLE_TESTABILITY = YES;
				GCC_C_LANGUAGE_STANDARD = gnu11;
				GCC_DYNAMIC_NO_PIC = NO;
				GCC_NO_COMMON_BLOCKS = YES;
				GCC_OPTIMIZATION_LEVEL = 0;
				GCC_PREPROCESSOR_DEFINITIONS = (
					"DEBUG=1",
					"$(inherited)",
				);
				GCC_WARN_64_TO_32_BIT_CONVERSION = YES;
				GCC_WARN_ABOUT_RETURN_TYPE = YES_ERROR;
				GCC_WARN_UNDECLARED_SELECTOR = YES;
				GCC_WARN_UNINITIALIZED_AUTOS = YES_AGGRESSIVE;
				GCC_WARN_UNUSED_FUNCTION = YES;
				GCC_WARN_UNUSED_VARIABLE = YES;
				IPHONEOS_DEPLOYMENT_TARGET = 15.4;
				MTL_ENABLE_DEBUG_INFO = INCLUDE_SOURCE;
				MTL_FAST_MATH = YES;
				ONLY_ACTIVE_ARCH = YES;
				SDKROOT = iphoneos;
				SWIFT_ACTIVE_COMPILATION_CONDITIONS = DEBUG;
				SWIFT_OPTIMIZATION_LEVEL = "-Onone";
			};
			name = Debug;
		};
		FAA4E05827EE14B800927622 /* Release */ = {
			isa = XCBuildConfiguration;
			buildSettings = {
				ALWAYS_SEARCH_USER_PATHS = NO;
				CLANG_ANALYZER_NONNULL = YES;
				CLANG_ANALYZER_NUMBER_OBJECT_CONVERSION = YES_AGGRESSIVE;
				CLANG_CXX_LANGUAGE_STANDARD = "gnu++17";
				CLANG_ENABLE_MODULES = YES;
				CLANG_ENABLE_OBJC_ARC = YES;
				CLANG_ENABLE_OBJC_WEAK = YES;
				CLANG_WARN_BLOCK_CAPTURE_AUTORELEASING = YES;
				CLANG_WARN_BOOL_CONVERSION = YES;
				CLANG_WARN_COMMA = YES;
				CLANG_WARN_CONSTANT_CONVERSION = YES;
				CLANG_WARN_DEPRECATED_OBJC_IMPLEMENTATIONS = YES;
				CLANG_WARN_DIRECT_OBJC_ISA_USAGE = YES_ERROR;
				CLANG_WARN_DOCUMENTATION_COMMENTS = YES;
				CLANG_WARN_EMPTY_BODY = YES;
				CLANG_WARN_ENUM_CONVERSION = YES;
				CLANG_WARN_INFINITE_RECURSION = YES;
				CLANG_WARN_INT_CONVERSION = YES;
				CLANG_WARN_NON_LITERAL_NULL_CONVERSION = YES;
				CLANG_WARN_OBJC_IMPLICIT_RETAIN_SELF = YES;
				CLANG_WARN_OBJC_LITERAL_CONVERSION = YES;
				CLANG_WARN_OBJC_ROOT_CLASS = YES_ERROR;
				CLANG_WARN_QUOTED_INCLUDE_IN_FRAMEWORK_HEADER = YES;
				CLANG_WARN_RANGE_LOOP_ANALYSIS = YES;
				CLANG_WARN_STRICT_PROTOTYPES = YES;
				CLANG_WARN_SUSPICIOUS_MOVE = YES;
				CLANG_WARN_UNGUARDED_AVAILABILITY = YES_AGGRESSIVE;
				CLANG_WARN_UNREACHABLE_CODE = YES;
				CLANG_WARN__DUPLICATE_METHOD_MATCH = YES;
				COPY_PHASE_STRIP = NO;
				DEBUG_INFORMATION_FORMAT = "dwarf-with-dsym";
				ENABLE_NS_ASSERTIONS = NO;
				ENABLE_STRICT_OBJC_MSGSEND = YES;
				GCC_C_LANGUAGE_STANDARD = gnu11;
				GCC_NO_COMMON_BLOCKS = YES;
				GCC_WARN_64_TO_32_BIT_CONVERSION = YES;
				GCC_WARN_ABOUT_RETURN_TYPE = YES_ERROR;
				GCC_WARN_UNDECLARED_SELECTOR = YES;
				GCC_WARN_UNINITIALIZED_AUTOS = YES_AGGRESSIVE;
				GCC_WARN_UNUSED_FUNCTION = YES;
				GCC_WARN_UNUSED_VARIABLE = YES;
				IPHONEOS_DEPLOYMENT_TARGET = 15.4;
				MTL_ENABLE_DEBUG_INFO = NO;
				MTL_FAST_MATH = YES;
				SDKROOT = iphoneos;
				SWIFT_COMPILATION_MODE = wholemodule;
				SWIFT_OPTIMIZATION_LEVEL = "-O";
				VALIDATE_PRODUCT = YES;
			};
			name = Release;
		};
		FAA4E05A27EE14B800927622 /* Debug */ = {
			isa = XCBuildConfiguration;
			buildSettings = {
				ASSETCATALOG_COMPILER_APPICON_NAME = AppIcon;
				ASSETCATALOG_COMPILER_GLOBAL_ACCENT_COLOR_NAME = AccentColor;
				CODE_SIGN_STYLE = Automatic;
				CURRENT_PROJECT_VERSION = 1;
				DEVELOPMENT_TEAM = S9H5A5QY2N;
				GENERATE_INFOPLIST_FILE = YES;
				INFOPLIST_FILE = Navigation/Resources/Info.plist;
				INFOPLIST_KEY_UIApplicationSupportsIndirectInputEvents = YES;
				INFOPLIST_KEY_UILaunchStoryboardName = LaunchScreen;
				INFOPLIST_KEY_UISupportedInterfaceOrientations_iPad = "UIInterfaceOrientationPortrait UIInterfaceOrientationPortraitUpsideDown UIInterfaceOrientationLandscapeLeft UIInterfaceOrientationLandscapeRight";
				INFOPLIST_KEY_UISupportedInterfaceOrientations_iPhone = "UIInterfaceOrientationPortrait UIInterfaceOrientationLandscapeLeft UIInterfaceOrientationLandscapeRight";
				LD_RUNPATH_SEARCH_PATHS = (
					"$(inherited)",
					"@executable_path/Frameworks",
				);
				MARKETING_VERSION = 1.0;
				PRODUCT_BUNDLE_IDENTIFIER = Terentev.Navigation;
				PRODUCT_NAME = "$(TARGET_NAME)";
				SWIFT_EMIT_LOC_STRINGS = YES;
				SWIFT_VERSION = 5.0;
				TARGETED_DEVICE_FAMILY = "1,2";
			};
			name = Debug;
		};
		FAA4E05B27EE14B800927622 /* Release */ = {
			isa = XCBuildConfiguration;
			buildSettings = {
				ASSETCATALOG_COMPILER_APPICON_NAME = AppIcon;
				ASSETCATALOG_COMPILER_GLOBAL_ACCENT_COLOR_NAME = AccentColor;
				CODE_SIGN_STYLE = Automatic;
				CURRENT_PROJECT_VERSION = 1;
				DEVELOPMENT_TEAM = S9H5A5QY2N;
				GENERATE_INFOPLIST_FILE = YES;
				INFOPLIST_FILE = Navigation/Resources/Info.plist;
				INFOPLIST_KEY_UIApplicationSupportsIndirectInputEvents = YES;
				INFOPLIST_KEY_UILaunchStoryboardName = LaunchScreen;
				INFOPLIST_KEY_UISupportedInterfaceOrientations_iPad = "UIInterfaceOrientationPortrait UIInterfaceOrientationPortraitUpsideDown UIInterfaceOrientationLandscapeLeft UIInterfaceOrientationLandscapeRight";
				INFOPLIST_KEY_UISupportedInterfaceOrientations_iPhone = "UIInterfaceOrientationPortrait UIInterfaceOrientationLandscapeLeft UIInterfaceOrientationLandscapeRight";
				LD_RUNPATH_SEARCH_PATHS = (
					"$(inherited)",
					"@executable_path/Frameworks",
				);
				MARKETING_VERSION = 1.0;
				PRODUCT_BUNDLE_IDENTIFIER = Terentev.Navigation;
				PRODUCT_NAME = "$(TARGET_NAME)";
				SWIFT_EMIT_LOC_STRINGS = YES;
				SWIFT_VERSION = 5.0;
				TARGETED_DEVICE_FAMILY = "1,2";
			};
			name = Release;
		};
/* End XCBuildConfiguration section */

/* Begin XCConfigurationList section */
		FAA4E04027EE14B300927622 /* Build configuration list for PBXProject "Navigation" */ = {
			isa = XCConfigurationList;
			buildConfigurations = (
				FAA4E05727EE14B800927622 /* Debug */,
				FAA4E05827EE14B800927622 /* Release */,
			);
			defaultConfigurationIsVisible = 0;
			defaultConfigurationName = Release;
		};
		FAA4E05927EE14B800927622 /* Build configuration list for PBXNativeTarget "Navigation" */ = {
			isa = XCConfigurationList;
			buildConfigurations = (
				FAA4E05A27EE14B800927622 /* Debug */,
				FAA4E05B27EE14B800927622 /* Release */,
			);
			defaultConfigurationIsVisible = 0;
			defaultConfigurationName = Release;
		};
/* End XCConfigurationList section */
	};
	rootObject = FAA4E03D27EE14B300927622 /* Project object */;
}
